
Microsoft Visual Studio Solution File, Format Version 12.00
# Visual Studio 15
VisualStudioVersion = 15.0.35319.79
MinimumVisualStudioVersion = 10.0.40219.1
Project("{FAE04EC0-301F-11D3-BF4B-00C04F79EFBC}") = "FormTourTravel", "FormTourTravel\FormTourTravel.csproj", "{ED1C3713-E2ED-40FE-A0F8-E8C629AF3C1C}"
EndProject
Project("{FAE04EC0-301F-11D3-BF4B-00C04F79EFBC}") = "DTO", "DTO\DTO.csproj", "{C4A260C2-F225-40E9-AB5D-7FBDD800B761}"
EndProject
Project("{FAE04EC0-301F-11D3-BF4B-00C04F79EFBC}") = "DAL", "DAL\DAL.csproj", "{03B49F52-4D4E-4305-865F-875452429A96}"
EndProject
Project("{FAE04EC0-301F-11D3-BF4B-00C04F79EFBC}") = "BLL", "BLL\BLL.csproj", "{40F61705-4F1C-4B0A-BCF2-4E094E984DE9}"
EndProject
Project("{FAE04EC0-301F-11D3-BF4B-00C04F79EFBC}") = "ThuVien", "ThuVien\ThuVien.csproj", "{5C440904-1E30-49E6-BD3C-177E08BF99DF}"
EndProject
Global
	GlobalSection(SolutionConfigurationPlatforms) = preSolution
		Debug|Any CPU = Debug|Any CPU
		Release|Any CPU = Release|Any CPU
	EndGlobalSection
	GlobalSection(ProjectConfigurationPlatforms) = postSolution
		{ED1C3713-E2ED-40FE-A0F8-E8C629AF3C1C}.Debug|Any CPU.ActiveCfg = Debug|Any CPU
		{ED1C3713-E2ED-40FE-A0F8-E8C629AF3C1C}.Debug|Any CPU.Build.0 = Debug|Any CPU
		{ED1C3713-E2ED-40FE-A0F8-E8C629AF3C1C}.Release|Any CPU.ActiveCfg = Release|Any CPU
		{ED1C3713-E2ED-40FE-A0F8-E8C629AF3C1C}.Release|Any CPU.Build.0 = Release|Any CPU
		{C4A260C2-F225-40E9-AB5D-7FBDD800B761}.Debug|Any CPU.ActiveCfg = Debug|Any CPU
		{C4A260C2-F225-40E9-AB5D-7FBDD800B761}.Debug|Any CPU.Build.0 = Debug|Any CPU
		{C4A260C2-F225-40E9-AB5D-7FBDD800B761}.Release|Any CPU.ActiveCfg = Release|Any CPU
		{C4A260C2-F225-40E9-AB5D-7FBDD800B761}.Release|Any CPU.Build.0 = Release|Any CPU
		{03B49F52-4D4E-4305-865F-875452429A96}.Debug|Any CPU.ActiveCfg = Debug|Any CPU
		{03B49F52-4D4E-4305-865F-875452429A96}.Debug|Any CPU.Build.0 = Debug|Any CPU
		{03B49F52-4D4E-4305-865F-875452429A96}.Release|Any CPU.ActiveCfg = Release|Any CPU
		{03B49F52-4D4E-4305-865F-875452429A96}.Release|Any CPU.Build.0 = Release|Any CPU
		{40F61705-4F1C-4B0A-BCF2-4E094E984DE9}.Debug|Any CPU.ActiveCfg = Debug|Any CPU
		{40F61705-4F1C-4B0A-BCF2-4E094E984DE9}.Debug|Any CPU.Build.0 = Debug|Any CPU
		{40F61705-4F1C-4B0A-BCF2-4E094E984DE9}.Release|Any CPU.ActiveCfg = Release|Any CPU
		{40F61705-4F1C-4B0A-BCF2-4E094E984DE9}.Release|Any CPU.Build.0 = Release|Any CPU
		{5C440904-1E30-49E6-BD3C-177E08BF99DF}.Debug|Any CPU.ActiveCfg = Debug|Any CPU
		{5C440904-1E30-49E6-BD3C-177E08BF99DF}.Debug|Any CPU.Build.0 = Debug|Any CPU
		{5C440904-1E30-49E6-BD3C-177E08BF99DF}.Release|Any CPU.ActiveCfg = Release|Any CPU
		{5C440904-1E30-49E6-BD3C-177E08BF99DF}.Release|Any CPU.Build.0 = Release|Any CPU
	EndGlobalSection
	GlobalSection(SolutionProperties) = preSolution
		HideSolutionNode = FALSE
	EndGlobalSection
	GlobalSection(ExtensibilityGlobals) = postSolution
		SolutionGuid = {90EF5AB9-C4E3-44D6-BC28-21A5F76D7007}
	EndGlobalSection
EndGlobal
